PODS:
  - FontAwesomeKit/Core (HEAD based on 2.2.0)
  - FontAwesomeKit/IonIcons (HEAD based on 2.2.0):
    - FontAwesomeKit/Core
  - RxBlocking (2.2.0):
    - RxSwift (~> 2.2)
  - RxCocoa (2.2.0):
    - RxSwift (~> 2.2)
  - RxSwift (2.2.0)
  - SwiftyJSON (2.3.2)

DEPENDENCIES:
  - FontAwesomeKit/IonIcons (HEAD)
  - RxBlocking (~> 2.0)
  - RxCocoa (~> 2.0)
  - RxSwift (~> 2.0)
  - SwiftyJSON (from `https://github.com/SwiftyJSON/SwiftyJSON.git`)

EXTERNAL SOURCES:
  SwiftyJSON:
    :git: https://github.com/SwiftyJSON/SwiftyJSON.git

CHECKOUT OPTIONS:
  SwiftyJSON:
    :commit: 42bdb102d2624b143c07850ebdc1537d5b6579b6
    :git: https://github.com/SwiftyJSON/SwiftyJSON.git

SPEC CHECKSUMS:
  FontAwesomeKit: 025fd4dd1017fe4e3f8d47b03e024deedbb33cd4
  RxBlocking: 5bbc826774c4290effa8fe070841e9d45e864639
  RxCocoa: 42efb7a7145a8d1d5878e94ce48a580d29e0c796
  RxSwift: b8a749f2204c6c7a5c29b306a9c3bc11d5b87c5b
  SwiftyJSON: 04ccea08915aa0109039157c7974cf0298da292a

COCOAPODS: 0.39.0
