// !$*UTF8*$!
{
	archiveVersion = 1;
	classes = {
	};
	objectVersion = 46;
	objects = {

/* Begin PBXBuildFile section */
		457E0BE81C933D25000A665A /* AppDelegate.swift in Sources */ = {isa = PBXBuildFile; fileRef = 457E0BE71C933D25000A665A /* AppDelegate.swift */; };
		457E0BEA1C933D25000A665A /* FirstViewController.swift in Sources */ = {isa = PBXBuildFile; fileRef = 457E0BE91C933D25000A665A /* FirstViewController.swift */; };
		457E0BEC1C933D25000A665A /* SecondViewController.swift in Sources */ = {isa = PBXBuildFile; fileRef = 457E0BEB1C933D25000A665A /* SecondViewController.swift */; };
		457E0BEF1C933D25000A665A /* Main.storyboard in Resources */ = {isa = PBXBuildFile; fileRef = 457E0BED1C933D25000A665A /* Main.storyboard */; };
		457E0BF11C933D25000A665A /* Assets.xcassets in Resources */ = {isa = PBXBuildFile; fileRef = 457E0BF01C933D25000A665A /* Assets.xcassets */; };
		457E0BF41C933D25000A665A /* LaunchScreen.storyboard in Resources */ = {isa = PBXBuildFile; fileRef = 457E0BF21C933D25000A665A /* LaunchScreen.storyboard */; };
		45933CB21C95206000FC46C9 /* UserUICollectionViewCell.swift in Sources */ = {isa = PBXBuildFile; fileRef = 45933CB11C95206000FC46C9 /* UserUICollectionViewCell.swift */; };
		45EBEDE21C93F2B6002C6040 /* Fabric.framework in Frameworks */ = {isa = PBXBuildFile; fileRef = 45EBEDE01C93F2B6002C6040 /* Fabric.framework */; };
		45EBEDE31C93F2B6002C6040 /* Crashlytics.framework in Frameworks */ = {isa = PBXBuildFile; fileRef = 45EBEDE11C93F2B6002C6040 /* Crashlytics.framework */; };
		45EBEDEA1C93F488002C6040 /* TwitterCore.framework in Frameworks */ = {isa = PBXBuildFile; fileRef = 45EBEDE71C93F488002C6040 /* TwitterCore.framework */; };
		45EBEDED1C93F5D2002C6040 /* TwitterKit.framework in Frameworks */ = {isa = PBXBuildFile; fileRef = 45EBEDEB1C93F5D2002C6040 /* TwitterKit.framework */; };
		45EBEDEE1C93F5D2002C6040 /* TwitterKitResources.bundle in Resources */ = {isa = PBXBuildFile; fileRef = 45EBEDEC1C93F5D2002C6040 /* TwitterKitResources.bundle */; };
		45EBEDF11C93F62F002C6040 /* DigitsKit.framework in Frameworks */ = {isa = PBXBuildFile; fileRef = 45EBEDEF1C93F62F002C6040 /* DigitsKit.framework */; };
		45EBEDF21C93F62F002C6040 /* DigitsKitResources.bundle in Resources */ = {isa = PBXBuildFile; fileRef = 45EBEDF01C93F62F002C6040 /* DigitsKitResources.bundle */; };
		45EBEDF41C93F6CE002C6040 /* SignInViewController.swift in Sources */ = {isa = PBXBuildFile; fileRef = 45EBEDF31C93F6CE002C6040 /* SignInViewController.swift */; };
		45EBEDF71C94CB17002C6040 /* AddWatchModalViewController.swift in Sources */ = {isa = PBXBuildFile; fileRef = 45EBEDF61C94CB17002C6040 /* AddWatchModalViewController.swift */; };
/* End PBXBuildFile section */

/* Begin PBXFileReference section */
		457E0BE41C933D25000A665A /* MerryBlue.app */ = {isa = PBXFileReference; explicitFileType = wrapper.application; includeInIndex = 0; path = MerryBlue.app; sourceTree = BUILT_PRODUCTS_DIR; };
		457E0BE71C933D25000A665A /* AppDelegate.swift */ = {isa = PBXFileReference; lastKnownFileType = sourcecode.swift; path = AppDelegate.swift; sourceTree = "<group>"; };
		457E0BE91C933D25000A665A /* FirstViewController.swift */ = {isa = PBXFileReference; lastKnownFileType = sourcecode.swift; path = FirstViewController.swift; sourceTree = "<group>"; };
		457E0BEB1C933D25000A665A /* SecondViewController.swift */ = {isa = PBXFileReference; lastKnownFileType = sourcecode.swift; path = SecondViewController.swift; sourceTree = "<group>"; };
		457E0BEE1C933D25000A665A /* Base */ = {isa = PBXFileReference; lastKnownFileType = file.storyboard; name = Base; path = Base.lproj/Main.storyboard; sourceTree = "<group>"; };
		457E0BF01C933D25000A665A /* Assets.xcassets */ = {isa = PBXFileReference; lastKnownFileType = folder.assetcatalog; path = Assets.xcassets; sourceTree = "<group>"; };
		457E0BF31C933D25000A665A /* Base */ = {isa = PBXFileReference; lastKnownFileType = file.storyboard; name = Base; path = Base.lproj/LaunchScreen.storyboard; sourceTree = "<group>"; };
		457E0BF51C933D25000A665A /* Info.plist */ = {isa = PBXFileReference; lastKnownFileType = text.plist.xml; path = Info.plist; sourceTree = "<group>"; };
		45933CB11C95206000FC46C9 /* UserUICollectionViewCell.swift */ = {isa = PBXFileReference; fileEncoding = 4; lastKnownFileType = sourcecode.swift; path = UserUICollectionViewCell.swift; sourceTree = "<group>"; };
		45EBEDE01C93F2B6002C6040 /* Fabric.framework */ = {isa = PBXFileReference; lastKnownFileType = wrapper.framework; path = Fabric.framework; sourceTree = "<group>"; };
		45EBEDE11C93F2B6002C6040 /* Crashlytics.framework */ = {isa = PBXFileReference; lastKnownFileType = wrapper.framework; path = Crashlytics.framework; sourceTree = "<group>"; };
		45EBEDE71C93F488002C6040 /* TwitterCore.framework */ = {isa = PBXFileReference; lastKnownFileType = wrapper.framework; path = TwitterCore.framework; sourceTree = "<group>"; };
		45EBEDEB1C93F5D2002C6040 /* TwitterKit.framework */ = {isa = PBXFileReference; lastKnownFileType = wrapper.framework; name = TwitterKit.framework; path = DigitsKit.framework/Versions/A/Resources/DigitsKitResources.bundle/TwitterKit.framework; sourceTree = "<group>"; };
		45EBEDEC1C93F5D2002C6040 /* TwitterKitResources.bundle */ = {isa = PBXFileReference; lastKnownFileType = "wrapper.plug-in"; name = TwitterKitResources.bundle; path = DigitsKit.framework/Versions/A/Resources/DigitsKitResources.bundle/TwitterKitResources.bundle; sourceTree = "<group>"; };
		45EBEDEF1C93F62F002C6040 /* DigitsKit.framework */ = {isa = PBXFileReference; lastKnownFileType = wrapper.framework; path = DigitsKit.framework; sourceTree = "<group>"; };
		45EBEDF01C93F62F002C6040 /* DigitsKitResources.bundle */ = {isa = PBXFileReference; lastKnownFileType = "wrapper.plug-in"; name = DigitsKitResources.bundle; path = DigitsKit.framework/Versions/A/Resources/DigitsKitResources.bundle; sourceTree = "<group>"; };
		45EBEDF31C93F6CE002C6040 /* SignInViewController.swift */ = {isa = PBXFileReference; fileEncoding = 4; lastKnownFileType = sourcecode.swift; path = SignInViewController.swift; sourceTree = "<group>"; };
		45EBEDF61C94CB17002C6040 /* AddWatchModalViewController.swift */ = {isa = PBXFileReference; fileEncoding = 4; lastKnownFileType = sourcecode.swift; path = AddWatchModalViewController.swift; sourceTree = "<group>"; };
/* End PBXFileReference section */

/* Begin PBXFrameworksBuildPhase section */
		457E0BE11C933D25000A665A /* Frameworks */ = {
			isa = PBXFrameworksBuildPhase;
			buildActionMask = 2147483647;
			files = (
				45EBEDED1C93F5D2002C6040 /* TwitterKit.framework in Frameworks */,
				45EBEDEA1C93F488002C6040 /* TwitterCore.framework in Frameworks */,
				45EBEDE31C93F2B6002C6040 /* Crashlytics.framework in Frameworks */,
				45EBEDE21C93F2B6002C6040 /* Fabric.framework in Frameworks */,
				45EBEDF11C93F62F002C6040 /* DigitsKit.framework in Frameworks */,
			);
			runOnlyForDeploymentPostprocessing = 0;
		};
/* End PBXFrameworksBuildPhase section */

/* Begin PBXGroup section */
		457E0BDB1C933D25000A665A = {
			isa = PBXGroup;
			children = (
				457E0BE61C933D25000A665A /* MerryBlue */,
				457E0BE51C933D25000A665A /* Products */,
				45EBEDE41C93F46F002C6040 /* Frameworks */,
			);
			sourceTree = "<group>";
		};
		457E0BE51C933D25000A665A /* Products */ = {
			isa = PBXGroup;
			children = (
				457E0BE41C933D25000A665A /* MerryBlue.app */,
			);
			name = Products;
			sourceTree = "<group>";
		};
		457E0BE61C933D25000A665A /* MerryBlue */ = {
			isa = PBXGroup;
			children = (
				45933CB01C95203500FC46C9 /* View */,
				45EBEDF51C93F6E4002C6040 /* ViewController */,
				457E0BE71C933D25000A665A /* AppDelegate.swift */,
				457E0BED1C933D25000A665A /* Main.storyboard */,
				457E0BF01C933D25000A665A /* Assets.xcassets */,
				457E0BF21C933D25000A665A /* LaunchScreen.storyboard */,
				457E0BF51C933D25000A665A /* Info.plist */,
			);
			path = MerryBlue;
			sourceTree = "<group>";
		};
		45933CB01C95203500FC46C9 /* View */ = {
			isa = PBXGroup;
			children = (
				45933CB11C95206000FC46C9 /* UserUICollectionViewCell.swift */,
			);
			name = View;
			sourceTree = "<group>";
		};
		45EBEDE41C93F46F002C6040 /* Frameworks */ = {
			isa = PBXGroup;
			children = (
				45EBEDEF1C93F62F002C6040 /* DigitsKit.framework */,
				45EBEDF01C93F62F002C6040 /* DigitsKitResources.bundle */,
				45EBEDE01C93F2B6002C6040 /* Fabric.framework */,
				45EBEDE71C93F488002C6040 /* TwitterCore.framework */,
				45EBEDEB1C93F5D2002C6040 /* TwitterKit.framework */,
				45EBEDEC1C93F5D2002C6040 /* TwitterKitResources.bundle */,
				45EBEDE11C93F2B6002C6040 /* Crashlytics.framework */,
			);
			name = Frameworks;
			sourceTree = "<group>";
		};
		45EBEDF51C93F6E4002C6040 /* ViewController */ = {
			isa = PBXGroup;
			children = (
				457E0BEB1C933D25000A665A /* SecondViewController.swift */,
				457E0BE91C933D25000A665A /* FirstViewController.swift */,
				45EBEDF31C93F6CE002C6040 /* SignInViewController.swift */,
				45EBEDF61C94CB17002C6040 /* AddWatchModalViewController.swift */,
			);
			name = ViewController;
			sourceTree = "<group>";
		};
/* End PBXGroup section */

/* Begin PBXNativeTarget section */
		457E0BE31C933D25000A665A /* MerryBlue */ = {
			isa = PBXNativeTarget;
			buildConfigurationList = 457E0BF81C933D25000A665A /* Build configuration list for PBXNativeTarget "MerryBlue" */;
			buildPhases = (
				457E0BE01C933D25000A665A /* Sources */,
				457E0BE11C933D25000A665A /* Frameworks */,
				457E0BE21C933D25000A665A /* Resources */,
				45EBEDDF1C93EE9A002C6040 /* ShellScript */,
			);
			buildRules = (
			);
			dependencies = (
			);
			name = MerryBlue;
			productName = MerryBlue;
			productReference = 457E0BE41C933D25000A665A /* MerryBlue.app */;
			productType = "com.apple.product-type.application";
		};
/* End PBXNativeTarget section */

/* Begin PBXProject section */
		457E0BDC1C933D25000A665A /* Project object */ = {
			isa = PBXProject;
			attributes = {
				LastSwiftUpdateCheck = 0720;
				LastUpgradeCheck = 0720;
				ORGANIZATIONNAME = "Hiroto Takahashi";
				TargetAttributes = {
					457E0BE31C933D25000A665A = {
						CreatedOnToolsVersion = 7.2.1;
						DevelopmentTeam = R76V8JJ8QF;
					};
				};
			};
			buildConfigurationList = 457E0BDF1C933D25000A665A /* Build configuration list for PBXProject "MerryBlue" */;
			compatibilityVersion = "Xcode 3.2";
			developmentRegion = English;
			hasScannedForEncodings = 0;
			knownRegions = (
				en,
				Base,
			);
			mainGroup = 457E0BDB1C933D25000A665A;
			productRefGroup = 457E0BE51C933D25000A665A /* Products */;
			projectDirPath = "";
			projectRoot = "";
			targets = (
				457E0BE31C933D25000A665A /* MerryBlue */,
			);
		};
/* End PBXProject section */

/* Begin PBXResourcesBuildPhase section */
		457E0BE21C933D25000A665A /* Resources */ = {
			isa = PBXResourcesBuildPhase;
			buildActionMask = 2147483647;
			files = (
				45EBEDF21C93F62F002C6040 /* DigitsKitResources.bundle in Resources */,
				457E0BF41C933D25000A665A /* LaunchScreen.storyboard in Resources */,
				457E0BF11C933D25000A665A /* Assets.xcassets in Resources */,
				457E0BEF1C933D25000A665A /* Main.storyboard in Resources */,
				45EBEDEE1C93F5D2002C6040 /* TwitterKitResources.bundle in Resources */,
			);
			runOnlyForDeploymentPostprocessing = 0;
		};
/* End PBXResourcesBuildPhase section */

/* Begin PBXShellScriptBuildPhase section */
		45EBEDDF1C93EE9A002C6040 /* ShellScript */ = {
			isa = PBXShellScriptBuildPhase;
			buildActionMask = 2147483647;
			files = (
			);
			inputPaths = (
			);
			outputPaths = (
			);
			runOnlyForDeploymentPostprocessing = 0;
			shellPath = /bin/sh;
			shellScript = "./Fabric.framework/run 383c02e04f42e38d407da4295be284d1e327a6be 5a874b4f1b6ceeeb5c3c01f592214cfeb0c57c6d30b43a1a88350b24124e3100";
		};
/* End PBXShellScriptBuildPhase section */

/* Begin PBXSourcesBuildPhase section */
		457E0BE01C933D25000A665A /* Sources */ = {
			isa = PBXSourcesBuildPhase;
			buildActionMask = 2147483647;
			files = (
				45EBEDF71C94CB17002C6040 /* AddWatchModalViewController.swift in Sources */,
				45EBEDF41C93F6CE002C6040 /* SignInViewController.swift in Sources */,
				457E0BEC1C933D25000A665A /* SecondViewController.swift in Sources */,
				457E0BE81C933D25000A665A /* AppDelegate.swift in Sources */,
				457E0BEA1C933D25000A665A /* FirstViewController.swift in Sources */,
				45933CB21C95206000FC46C9 /* UserUICollectionViewCell.swift in Sources */,
			);
			runOnlyForDeploymentPostprocessing = 0;
		};
/* End PBXSourcesBuildPhase section */

/* Begin PBXVariantGroup section */
		457E0BED1C933D25000A665A /* Main.storyboard */ = {
			isa = PBXVariantGroup;
			children = (
				457E0BEE1C933D25000A665A /* Base */,
			);
			name = Main.storyboard;
			sourceTree = "<group>";
		};
		457E0BF21C933D25000A665A /* LaunchScreen.storyboard */ = {
			isa = PBXVariantGroup;
			children = (
				457E0BF31C933D25000A665A /* Base */,
			);
			name = LaunchScreen.storyboard;
			sourceTree = "<group>";
		};
/* End PBXVariantGroup section */

/* Begin XCBuildConfiguration section */
		457E0BF61C933D25000A665A /* Debug */ = {
			isa = XCBuildConfiguration;
			buildSettings = {
				ALWAYS_SEARCH_USER_PATHS = NO;
				CLANG_CXX_LANGUAGE_STANDARD = "gnu++0x";
				CLANG_CXX_LIBRARY = "libc++";
				CLANG_ENABLE_MODULES = YES;
				CLANG_ENABLE_OBJC_ARC = YES;
				CLANG_WARN_BOOL_CONVERSION = YES;
				CLANG_WARN_CONSTANT_CONVERSION = YES;
				CLANG_WARN_DIRECT_OBJC_ISA_USAGE = YES_ERROR;
				CLANG_WARN_EMPTY_BODY = YES;
				CLANG_WARN_ENUM_CONVERSION = YES;
				CLANG_WARN_INT_CONVERSION = YES;
				CLANG_WARN_OBJC_ROOT_CLASS = YES_ERROR;
				CLANG_WARN_UNREACHABLE_CODE = YES;
				CLANG_WARN__DUPLICATE_METHOD_MATCH = YES;
				"CODE_SIGN_IDENTITY[sdk=iphoneos*]" = "iPhone Developer";
				COPY_PHASE_STRIP = NO;
				DEBUG_INFORMATION_FORMAT = dwarf;
				ENABLE_STRICT_OBJC_MSGSEND = YES;
				ENABLE_TESTABILITY = YES;
				GCC_C_LANGUAGE_STANDARD = gnu99;
				GCC_DYNAMIC_NO_PIC = NO;
				GCC_NO_COMMON_BLOCKS = YES;
				GCC_OPTIMIZATION_LEVEL = 0;
				GCC_PREPROCESSOR_DEFINITIONS = (
					"DEBUG=1",
					"$(inherited)",
				);
				GCC_WARN_64_TO_32_BIT_CONVERSION = YES;
				GCC_WARN_ABOUT_RETURN_TYPE = YES_ERROR;
				GCC_WARN_UNDECLARED_SELECTOR = YES;
				GCC_WARN_UNINITIALIZED_AUTOS = YES_AGGRESSIVE;
				GCC_WARN_UNUSED_FUNCTION = YES;
				GCC_WARN_UNUSED_VARIABLE = YES;
				IPHONEOS_DEPLOYMENT_TARGET = 9.2;
				MTL_ENABLE_DEBUG_INFO = YES;
				ONLY_ACTIVE_ARCH = YES;
				SDKROOT = iphoneos;
				SWIFT_OPTIMIZATION_LEVEL = "-Onone";
			};
			name = Debug;
		};
		457E0BF71C933D25000A665A /* Release */ = {
			isa = XCBuildConfiguration;
			buildSettings = {
				ALWAYS_SEARCH_USER_PATHS = NO;
				CLANG_CXX_LANGUAGE_STANDARD = "gnu++0x";
				CLANG_CXX_LIBRARY = "libc++";
				CLANG_ENABLE_MODULES = YES;
				CLANG_ENABLE_OBJC_ARC = YES;
				CLANG_WARN_BOOL_CONVERSION = YES;
				CLANG_WARN_CONSTANT_CONVERSION = YES;
				CLANG_WARN_DIRECT_OBJC_ISA_USAGE = YES_ERROR;
				CLANG_WARN_EMPTY_BODY = YES;
				CLANG_WARN_ENUM_CONVERSION = YES;
				CLANG_WARN_INT_CONVERSION = YES;
				CLANG_WARN_OBJC_ROOT_CLASS = YES_ERROR;
				CLANG_WARN_UNREACHABLE_CODE = YES;
				CLANG_WARN__DUPLICATE_METHOD_MATCH = YES;
				"CODE_SIGN_IDENTITY[sdk=iphoneos*]" = "iPhone Developer";
				COPY_PHASE_STRIP = NO;
				DEBUG_INFORMATION_FORMAT = "dwarf-with-dsym";
				ENABLE_NS_ASSERTIONS = NO;
				ENABLE_STRICT_OBJC_MSGSEND = YES;
				GCC_C_LANGUAGE_STANDARD = gnu99;
				GCC_NO_COMMON_BLOCKS = YES;
				GCC_WARN_64_TO_32_BIT_CONVERSION = YES;
				GCC_WARN_ABOUT_RETURN_TYPE = YES_ERROR;
				GCC_WARN_UNDECLARED_SELECTOR = YES;
				GCC_WARN_UNINITIALIZED_AUTOS = YES_AGGRESSIVE;
				GCC_WARN_UNUSED_FUNCTION = YES;
				GCC_WARN_UNUSED_VARIABLE = YES;
				IPHONEOS_DEPLOYMENT_TARGET = 9.2;
				MTL_ENABLE_DEBUG_INFO = NO;
				SDKROOT = iphoneos;
				VALIDATE_PRODUCT = YES;
			};
			name = Release;
		};
		457E0BF91C933D25000A665A /* Debug */ = {
			isa = XCBuildConfiguration;
			buildSettings = {
				ASSETCATALOG_COMPILER_APPICON_NAME = AppIcon;
				CODE_SIGN_IDENTITY = "iPhone Developer";
				"CODE_SIGN_IDENTITY[sdk=iphoneos*]" = "iPhone Developer";
				DEBUG_INFORMATION_FORMAT = "dwarf-with-dsym";
				FRAMEWORK_SEARCH_PATHS = (
					"$(inherited)",
					"$(PROJECT_DIR)",
					"$(PROJECT_DIR)/DigitsKit.framework/Versions/A/Resources/DigitsKitResources.bundle",
				);
				INFOPLIST_FILE = MerryBlue/Info.plist;
				LD_RUNPATH_SEARCH_PATHS = "$(inherited) @executable_path/Frameworks";
				PRODUCT_BUNDLE_IDENTIFIER = com.elzup.MerryBlue;
				PRODUCT_NAME = "$(TARGET_NAME)";
				PROVISIONING_PROFILE = "";
			};
			name = Debug;
		};
		457E0BFA1C933D25000A665A /* Release */ = {
			isa = XCBuildConfiguration;
			buildSettings = {
				ASSETCATALOG_COMPILER_APPICON_NAME = AppIcon;
				CODE_SIGN_IDENTITY = "iPhone Developer";
				"CODE_SIGN_IDENTITY[sdk=iphoneos*]" = "iPhone Developer";
				FRAMEWORK_SEARCH_PATHS = (
					"$(inherited)",
					"$(PROJECT_DIR)",
					"$(PROJECT_DIR)/DigitsKit.framework/Versions/A/Resources/DigitsKitResources.bundle",
				);
				INFOPLIST_FILE = MerryBlue/Info.plist;
				LD_RUNPATH_SEARCH_PATHS = "$(inherited) @executable_path/Frameworks";
				PRODUCT_BUNDLE_IDENTIFIER = com.elzup.MerryBlue;
				PRODUCT_NAME = "$(TARGET_NAME)";
				PROVISIONING_PROFILE = "";
			};
			name = Release;
		};
/* End XCBuildConfiguration section */

/* Begin XCConfigurationList section */
		457E0BDF1C933D25000A665A /* Build configuration list for PBXProject "MerryBlue" */ = {
			isa = XCConfigurationList;
			buildConfigurations = (
				457E0BF61C933D25000A665A /* Debug */,
				457E0BF71C933D25000A665A /* Release */,
			);
			defaultConfigurationIsVisible = 0;
			defaultConfigurationName = Release;
		};
		457E0BF81C933D25000A665A /* Build configuration list for PBXNativeTarget "MerryBlue" */ = {
			isa = XCConfigurationList;
			buildConfigurations = (
				457E0BF91C933D25000A665A /* Debug */,
				457E0BFA1C933D25000A665A /* Release */,
			);
			defaultConfigurationIsVisible = 0;
			defaultConfigurationName = Release;
		};
/* End XCConfigurationList section */
	};
	rootObject = 457E0BDC1C933D25000A665A /* Project object */;
}
