// !$*UTF8*$!
{
	archiveVersion = 1;
	classes = {
	};
	objectVersion = 46;
	objects = {

/* Begin PBXBuildFile section */
		1D00246C9AB6774F0A763EB8 /* Pods.framework in Frameworks */ = {isa = PBXBuildFile; fileRef = AB997101D3CFE421879951E7 /* Pods.framework */; };
		451B85221CAA519E003DD63F /* UIImageExtension.swift in Sources */ = {isa = PBXBuildFile; fileRef = 451B85211CAA519D003DD63F /* UIImageExtension.swift */; };
		451B85241CAA6173003DD63F /* IdentifilerService.swift in Sources */ = {isa = PBXBuildFile; fileRef = 451B85231CAA6173003DD63F /* IdentifilerService.swift */; };
		451C4D8B1C9C7FAB00903A0C /* ListService.swift in Sources */ = {isa = PBXBuildFile; fileRef = 451C4D8A1C9C7FAB00903A0C /* ListService.swift */; };
		451C4D8D1C9C812900903A0C /* UserDefaultsKey.swift in Sources */ = {isa = PBXBuildFile; fileRef = 451C4D8C1C9C812900903A0C /* UserDefaultsKey.swift */; };
		451C4D8F1C9C9CEB00903A0C /* NSDateExtension.swift in Sources */ = {isa = PBXBuildFile; fileRef = 451C4D8E1C9C9CEB00903A0C /* NSDateExtension.swift */; };
		453B44FD1C98DADB00CE5FFE /* StringExtension.swift in Sources */ = {isa = PBXBuildFile; fileRef = 453B44FC1C98DADB00CE5FFE /* StringExtension.swift */; };
		453B45001C98DF9B00CE5FFE /* ArrayExtension.swift in Sources */ = {isa = PBXBuildFile; fileRef = 453B44FF1C98DF9B00CE5FFE /* ArrayExtension.swift */; };
		453B45021C98E49100CE5FFE /* UserTimelineViewController.swift in Sources */ = {isa = PBXBuildFile; fileRef = 453B45011C98E49100CE5FFE /* UserTimelineViewController.swift */; };
		4540E4001CB4A956000AE6A9 /* MBTweet.swift in Sources */ = {isa = PBXBuildFile; fileRef = 4540E3FF1CB4A956000AE6A9 /* MBTweet.swift */; };
		4540E4021CB50418000AE6A9 /* UIColorExtension.swift in Sources */ = {isa = PBXBuildFile; fileRef = 4540E4011CB50418000AE6A9 /* UIColorExtension.swift */; };
		4548B64B1CB6C8E6001BFB2F /* DigitsKitResources.bundle in Resources */ = {isa = PBXBuildFile; fileRef = 45EBEDF01C93F62F002C6040 /* DigitsKitResources.bundle */; };
		4548B64D1CB73EC5001BFB2F /* PhotoViewController.swift in Sources */ = {isa = PBXBuildFile; fileRef = 4548B64C1CB73EC5001BFB2F /* PhotoViewController.swift */; };
		4551ADF51C9B33A100A00CE8 /* ListInfoCell.swift in Sources */ = {isa = PBXBuildFile; fileRef = 4551ADF41C9B33A100A00CE8 /* ListInfoCell.swift */; };
		4552AFE01CB5F09900B762AB /* MBTableViewRowAction.swift in Sources */ = {isa = PBXBuildFile; fileRef = 4552AFDF1CB5F09900B762AB /* MBTableViewRowAction.swift */; };
		4555C0801CA4F16200A161F9 /* MBTimelineViewController.swift in Sources */ = {isa = PBXBuildFile; fileRef = 4555C07F1CA4F16200A161F9 /* MBTimelineViewController.swift */; };
		455CCA4E1CB88C5300D805FA /* UserTweetCell.xib in Resources */ = {isa = PBXBuildFile; fileRef = 455CCA4D1CB88C5300D805FA /* UserTweetCell.xib */; };
		455F3D961CA2EF76001495A9 /* MBColor.swift in Sources */ = {isa = PBXBuildFile; fileRef = 455F3D951CA2EF76001495A9 /* MBColor.swift */; };
		455F3D981CA2F57D001495A9 /* MBNavigationController.swift in Sources */ = {isa = PBXBuildFile; fileRef = 455F3D971CA2F57D001495A9 /* MBNavigationController.swift */; };
		455F3D9A1CA3C29D001495A9 /* UserService.swift in Sources */ = {isa = PBXBuildFile; fileRef = 455F3D991CA3C29D001495A9 /* UserService.swift */; };
		456404B81CA69D6400ED2505 /* MenuItemProtocol.swift in Sources */ = {isa = PBXBuildFile; fileRef = 456404B71CA69D6400ED2505 /* MenuItemProtocol.swift */; };
		457C3B391C9DAD150020509D /* Rx-TwitterKit.swift in Sources */ = {isa = PBXBuildFile; fileRef = 457C3B381C9DAD150020509D /* Rx-TwitterKit.swift */; };
		457E0BE81C933D25000A665A /* AppDelegate.swift in Sources */ = {isa = PBXBuildFile; fileRef = 457E0BE71C933D25000A665A /* AppDelegate.swift */; };
		457E0BEA1C933D25000A665A /* HomeViewController.swift in Sources */ = {isa = PBXBuildFile; fileRef = 457E0BE91C933D25000A665A /* HomeViewController.swift */; };
		45A68DD91CB16F3A007719E1 /* StoryBoardService.swift in Sources */ = {isa = PBXBuildFile; fileRef = 45A68DD81CB16F3A007719E1 /* StoryBoardService.swift */; };
		45A68DDB1CB1781F007719E1 /* AlertManager.swift in Sources */ = {isa = PBXBuildFile; fileRef = 45A68DDA1CB1781F007719E1 /* AlertManager.swift */; };
		45ABA1ED1C9800B9006DE856 /* TwitterUser.swift in Sources */ = {isa = PBXBuildFile; fileRef = 45ABA1EC1C9800B9006DE856 /* TwitterUser.swift */; };
		45ABA1EF1C9811C1006DE856 /* ListTimelineViewController.swift in Sources */ = {isa = PBXBuildFile; fileRef = 45ABA1EE1C9811C1006DE856 /* ListTimelineViewController.swift */; };
		45ABA1F11C981A23006DE856 /* UserStatusCell.swift in Sources */ = {isa = PBXBuildFile; fileRef = 45ABA1F01C981A23006DE856 /* UserStatusCell.swift */; };
		45ABA1F31C986869006DE856 /* Main.storyboard in Resources */ = {isa = PBXBuildFile; fileRef = 45ABA1F21C986869006DE856 /* Main.storyboard */; };
		45AC07C61CAA3F5200DACD0F /* AssetService.swift in Sources */ = {isa = PBXBuildFile; fileRef = 45AC07C51CAA3F5200DACD0F /* AssetService.swift */; };
		45B943911CAE69C900C05488 /* TwitterKitResources.bundle in Resources */ = {isa = PBXBuildFile; fileRef = 45EBEDEC1C93F5D2002C6040 /* TwitterKitResources.bundle */; };
		45BD1C0B1C9590A2002A2159 /* MainTabBarController.swift in Sources */ = {isa = PBXBuildFile; fileRef = 45BD1C0A1C9590A2002A2159 /* MainTabBarController.swift */; };
		45BD1C211C96EB35002A2159 /* TwitterManager.swift in Sources */ = {isa = PBXBuildFile; fileRef = 45BD1C201C96EB35002A2159 /* TwitterManager.swift */; };
		45BD1C251C974518002A2159 /* MBTwitterList.swift in Sources */ = {isa = PBXBuildFile; fileRef = 45BD1C231C97207B002A2159 /* MBTwitterList.swift */; };
		45C67ABB1CB279FE00C98329 /* Assets.xcassets in Resources */ = {isa = PBXBuildFile; fileRef = 45C67ABA1CB279FE00C98329 /* Assets.xcassets */; };
		45C67ABE1CB2C3A700C98329 /* ConfigService.swift in Sources */ = {isa = PBXBuildFile; fileRef = 45C67ABD1CB2C3A700C98329 /* ConfigService.swift */; };
		45C67AC21CB3BA7F00C98329 /* UserViewController.swift in Sources */ = {isa = PBXBuildFile; fileRef = 45C67AC11CB3BA7F00C98329 /* UserViewController.swift */; };
		45C67AC41CB3C2C700C98329 /* UserTweetCell.swift in Sources */ = {isa = PBXBuildFile; fileRef = 45C67AC31CB3C2C700C98329 /* UserTweetCell.swift */; };
		45D792C41CB572CE0003B699 /* TWTRUserExtension.swift in Sources */ = {isa = PBXBuildFile; fileRef = 45D792C31CB572CE0003B699 /* TWTRUserExtension.swift */; };
		45DDD57B1CAA82770015C16D /* Launch Screen.storyboard in Resources */ = {isa = PBXBuildFile; fileRef = 45DDD57A1CAA82770015C16D /* Launch Screen.storyboard */; };
		45E9A81A1C9BFE7D00C258D5 /* CALayerExtension.swift in Sources */ = {isa = PBXBuildFile; fileRef = 45E9A8191C9BFE7D00C258D5 /* CALayerExtension.swift */; };
		45EBEDE21C93F2B6002C6040 /* Fabric.framework in Frameworks */ = {isa = PBXBuildFile; fileRef = 45EBEDE01C93F2B6002C6040 /* Fabric.framework */; };
		45EBEDE31C93F2B6002C6040 /* Crashlytics.framework in Frameworks */ = {isa = PBXBuildFile; fileRef = 45EBEDE11C93F2B6002C6040 /* Crashlytics.framework */; };
		45EBEDEA1C93F488002C6040 /* TwitterCore.framework in Frameworks */ = {isa = PBXBuildFile; fileRef = 45EBEDE71C93F488002C6040 /* TwitterCore.framework */; };
		45EBEDED1C93F5D2002C6040 /* TwitterKit.framework in Frameworks */ = {isa = PBXBuildFile; fileRef = 45EBEDEB1C93F5D2002C6040 /* TwitterKit.framework */; };
		45EBEDF11C93F62F002C6040 /* DigitsKit.framework in Frameworks */ = {isa = PBXBuildFile; fileRef = 45EBEDEF1C93F62F002C6040 /* DigitsKit.framework */; };
		45EBEDF41C93F6CE002C6040 /* SignInViewController.swift in Sources */ = {isa = PBXBuildFile; fileRef = 45EBEDF31C93F6CE002C6040 /* SignInViewController.swift */; };
		45EC9A8A1CA1A99100ABE06A /* LeftMenuViewController.swift in Sources */ = {isa = PBXBuildFile; fileRef = 45EC9A891CA1A99100ABE06A /* LeftMenuViewController.swift */; };
/* End PBXBuildFile section */

/* Begin PBXFileReference section */
		111146BA25A5A70FE8C4BFDC /* Pods.release.xcconfig */ = {isa = PBXFileReference; includeInIndex = 1; lastKnownFileType = text.xcconfig; name = Pods.release.xcconfig; path = "Pods/Target Support Files/Pods/Pods.release.xcconfig"; sourceTree = "<group>"; };
		451B85211CAA519D003DD63F /* UIImageExtension.swift */ = {isa = PBXFileReference; fileEncoding = 4; lastKnownFileType = sourcecode.swift; path = UIImageExtension.swift; sourceTree = "<group>"; };
		451B85231CAA6173003DD63F /* IdentifilerService.swift */ = {isa = PBXFileReference; fileEncoding = 4; lastKnownFileType = sourcecode.swift; path = IdentifilerService.swift; sourceTree = "<group>"; };
		451C4D8A1C9C7FAB00903A0C /* ListService.swift */ = {isa = PBXFileReference; fileEncoding = 4; lastKnownFileType = sourcecode.swift; path = ListService.swift; sourceTree = "<group>"; };
		451C4D8C1C9C812900903A0C /* UserDefaultsKey.swift */ = {isa = PBXFileReference; fileEncoding = 4; lastKnownFileType = sourcecode.swift; path = UserDefaultsKey.swift; sourceTree = "<group>"; };
		451C4D8E1C9C9CEB00903A0C /* NSDateExtension.swift */ = {isa = PBXFileReference; fileEncoding = 4; lastKnownFileType = sourcecode.swift; path = NSDateExtension.swift; sourceTree = "<group>"; };
		453B44FC1C98DADB00CE5FFE /* StringExtension.swift */ = {isa = PBXFileReference; fileEncoding = 4; lastKnownFileType = sourcecode.swift; path = StringExtension.swift; sourceTree = "<group>"; };
		453B44FF1C98DF9B00CE5FFE /* ArrayExtension.swift */ = {isa = PBXFileReference; fileEncoding = 4; lastKnownFileType = sourcecode.swift; path = ArrayExtension.swift; sourceTree = "<group>"; };
		453B45011C98E49100CE5FFE /* UserTimelineViewController.swift */ = {isa = PBXFileReference; fileEncoding = 4; lastKnownFileType = sourcecode.swift; path = UserTimelineViewController.swift; sourceTree = "<group>"; };
		4540E3FF1CB4A956000AE6A9 /* MBTweet.swift */ = {isa = PBXFileReference; fileEncoding = 4; lastKnownFileType = sourcecode.swift; path = MBTweet.swift; sourceTree = "<group>"; };
		4540E4011CB50418000AE6A9 /* UIColorExtension.swift */ = {isa = PBXFileReference; fileEncoding = 4; lastKnownFileType = sourcecode.swift; path = UIColorExtension.swift; sourceTree = "<group>"; };
		4548B64C1CB73EC5001BFB2F /* PhotoViewController.swift */ = {isa = PBXFileReference; fileEncoding = 4; lastKnownFileType = sourcecode.swift; path = PhotoViewController.swift; sourceTree = "<group>"; };
		4551ADF41C9B33A100A00CE8 /* ListInfoCell.swift */ = {isa = PBXFileReference; fileEncoding = 4; lastKnownFileType = sourcecode.swift; path = ListInfoCell.swift; sourceTree = "<group>"; };
		4552AFDF1CB5F09900B762AB /* MBTableViewRowAction.swift */ = {isa = PBXFileReference; fileEncoding = 4; lastKnownFileType = sourcecode.swift; path = MBTableViewRowAction.swift; sourceTree = "<group>"; };
		4555C07F1CA4F16200A161F9 /* MBTimelineViewController.swift */ = {isa = PBXFileReference; fileEncoding = 4; lastKnownFileType = sourcecode.swift; path = MBTimelineViewController.swift; sourceTree = "<group>"; };
		455CCA4D1CB88C5300D805FA /* UserTweetCell.xib */ = {isa = PBXFileReference; fileEncoding = 4; lastKnownFileType = file.xib; path = UserTweetCell.xib; sourceTree = "<group>"; };
		455F3D951CA2EF76001495A9 /* MBColor.swift */ = {isa = PBXFileReference; fileEncoding = 4; lastKnownFileType = sourcecode.swift; path = MBColor.swift; sourceTree = "<group>"; };
		455F3D971CA2F57D001495A9 /* MBNavigationController.swift */ = {isa = PBXFileReference; fileEncoding = 4; lastKnownFileType = sourcecode.swift; path = MBNavigationController.swift; sourceTree = "<group>"; };
		455F3D991CA3C29D001495A9 /* UserService.swift */ = {isa = PBXFileReference; fileEncoding = 4; lastKnownFileType = sourcecode.swift; path = UserService.swift; sourceTree = "<group>"; };
		456404B71CA69D6400ED2505 /* MenuItemProtocol.swift */ = {isa = PBXFileReference; fileEncoding = 4; lastKnownFileType = sourcecode.swift; path = MenuItemProtocol.swift; sourceTree = "<group>"; };
		457C3B381C9DAD150020509D /* Rx-TwitterKit.swift */ = {isa = PBXFileReference; fileEncoding = 4; lastKnownFileType = sourcecode.swift; path = "Rx-TwitterKit.swift"; sourceTree = "<group>"; };
		457E0BE41C933D25000A665A /* MerryBlue.app */ = {isa = PBXFileReference; explicitFileType = wrapper.application; includeInIndex = 0; path = MerryBlue.app; sourceTree = BUILT_PRODUCTS_DIR; };
		457E0BE71C933D25000A665A /* AppDelegate.swift */ = {isa = PBXFileReference; lastKnownFileType = sourcecode.swift; path = AppDelegate.swift; sourceTree = "<group>"; };
		457E0BE91C933D25000A665A /* HomeViewController.swift */ = {isa = PBXFileReference; lastKnownFileType = sourcecode.swift; path = HomeViewController.swift; sourceTree = "<group>"; };
		457E0BF51C933D25000A665A /* Info.plist */ = {isa = PBXFileReference; lastKnownFileType = text.plist.xml; path = Info.plist; sourceTree = "<group>"; };
		45A68DD81CB16F3A007719E1 /* StoryBoardService.swift */ = {isa = PBXFileReference; fileEncoding = 4; lastKnownFileType = sourcecode.swift; path = StoryBoardService.swift; sourceTree = "<group>"; };
		45A68DDA1CB1781F007719E1 /* AlertManager.swift */ = {isa = PBXFileReference; fileEncoding = 4; lastKnownFileType = sourcecode.swift; path = AlertManager.swift; sourceTree = "<group>"; };
		45ABA1EC1C9800B9006DE856 /* TwitterUser.swift */ = {isa = PBXFileReference; fileEncoding = 4; lastKnownFileType = sourcecode.swift; path = TwitterUser.swift; sourceTree = "<group>"; };
		45ABA1EE1C9811C1006DE856 /* ListTimelineViewController.swift */ = {isa = PBXFileReference; fileEncoding = 4; lastKnownFileType = sourcecode.swift; path = ListTimelineViewController.swift; sourceTree = "<group>"; };
		45ABA1F01C981A23006DE856 /* UserStatusCell.swift */ = {isa = PBXFileReference; fileEncoding = 4; lastKnownFileType = sourcecode.swift; path = UserStatusCell.swift; sourceTree = "<group>"; };
		45ABA1F21C986869006DE856 /* Main.storyboard */ = {isa = PBXFileReference; fileEncoding = 4; lastKnownFileType = file.storyboard; path = Main.storyboard; sourceTree = "<group>"; };
		45AC07C51CAA3F5200DACD0F /* AssetService.swift */ = {isa = PBXFileReference; fileEncoding = 4; lastKnownFileType = sourcecode.swift; path = AssetService.swift; sourceTree = "<group>"; };
		45BD1C0A1C9590A2002A2159 /* MainTabBarController.swift */ = {isa = PBXFileReference; fileEncoding = 4; lastKnownFileType = sourcecode.swift; path = MainTabBarController.swift; sourceTree = "<group>"; };
		45BD1C201C96EB35002A2159 /* TwitterManager.swift */ = {isa = PBXFileReference; fileEncoding = 4; lastKnownFileType = sourcecode.swift; path = TwitterManager.swift; sourceTree = "<group>"; };
		45BD1C231C97207B002A2159 /* MBTwitterList.swift */ = {isa = PBXFileReference; fileEncoding = 4; lastKnownFileType = sourcecode.swift; path = MBTwitterList.swift; sourceTree = "<group>"; };
		45C67ABA1CB279FE00C98329 /* Assets.xcassets */ = {isa = PBXFileReference; lastKnownFileType = folder.assetcatalog; path = Assets.xcassets; sourceTree = "<group>"; };
		45C67ABD1CB2C3A700C98329 /* ConfigService.swift */ = {isa = PBXFileReference; fileEncoding = 4; lastKnownFileType = sourcecode.swift; path = ConfigService.swift; sourceTree = "<group>"; };
		45C67AC11CB3BA7F00C98329 /* UserViewController.swift */ = {isa = PBXFileReference; fileEncoding = 4; lastKnownFileType = sourcecode.swift; path = UserViewController.swift; sourceTree = "<group>"; };
		45C67AC31CB3C2C700C98329 /* UserTweetCell.swift */ = {isa = PBXFileReference; fileEncoding = 4; lastKnownFileType = sourcecode.swift; path = UserTweetCell.swift; sourceTree = "<group>"; };
		45D792C31CB572CE0003B699 /* TWTRUserExtension.swift */ = {isa = PBXFileReference; fileEncoding = 4; lastKnownFileType = sourcecode.swift; path = TWTRUserExtension.swift; sourceTree = "<group>"; };
		45DDD57A1CAA82770015C16D /* Launch Screen.storyboard */ = {isa = PBXFileReference; fileEncoding = 4; lastKnownFileType = file.storyboard; path = "Launch Screen.storyboard"; sourceTree = "<group>"; };
		45E9A8191C9BFE7D00C258D5 /* CALayerExtension.swift */ = {isa = PBXFileReference; fileEncoding = 4; lastKnownFileType = sourcecode.swift; path = CALayerExtension.swift; sourceTree = "<group>"; };
		45EBEDE01C93F2B6002C6040 /* Fabric.framework */ = {isa = PBXFileReference; lastKnownFileType = wrapper.framework; path = Fabric.framework; sourceTree = "<group>"; };
		45EBEDE11C93F2B6002C6040 /* Crashlytics.framework */ = {isa = PBXFileReference; lastKnownFileType = wrapper.framework; path = Crashlytics.framework; sourceTree = "<group>"; };
		45EBEDE71C93F488002C6040 /* TwitterCore.framework */ = {isa = PBXFileReference; lastKnownFileType = wrapper.framework; path = TwitterCore.framework; sourceTree = "<group>"; };
		45EBEDEB1C93F5D2002C6040 /* TwitterKit.framework */ = {isa = PBXFileReference; lastKnownFileType = wrapper.framework; name = TwitterKit.framework; path = DigitsKit.framework/Versions/A/Resources/DigitsKitResources.bundle/TwitterKit.framework; sourceTree = "<group>"; };
		45EBEDEC1C93F5D2002C6040 /* TwitterKitResources.bundle */ = {isa = PBXFileReference; lastKnownFileType = "wrapper.plug-in"; name = TwitterKitResources.bundle; path = DigitsKit.framework/Versions/A/Resources/DigitsKitResources.bundle/TwitterKitResources.bundle; sourceTree = "<group>"; };
		45EBEDEF1C93F62F002C6040 /* DigitsKit.framework */ = {isa = PBXFileReference; lastKnownFileType = wrapper.framework; path = DigitsKit.framework; sourceTree = "<group>"; };
		45EBEDF01C93F62F002C6040 /* DigitsKitResources.bundle */ = {isa = PBXFileReference; lastKnownFileType = "wrapper.plug-in"; name = DigitsKitResources.bundle; path = DigitsKit.framework/Versions/A/Resources/DigitsKitResources.bundle; sourceTree = "<group>"; };
		45EBEDF31C93F6CE002C6040 /* SignInViewController.swift */ = {isa = PBXFileReference; fileEncoding = 4; lastKnownFileType = sourcecode.swift; path = SignInViewController.swift; sourceTree = "<group>"; };
		45EC9A891CA1A99100ABE06A /* LeftMenuViewController.swift */ = {isa = PBXFileReference; fileEncoding = 4; lastKnownFileType = sourcecode.swift; path = LeftMenuViewController.swift; sourceTree = "<group>"; };
		9C18D3FA173A83ADD5394426 /* Pods.debug.xcconfig */ = {isa = PBXFileReference; includeInIndex = 1; lastKnownFileType = text.xcconfig; name = Pods.debug.xcconfig; path = "Pods/Target Support Files/Pods/Pods.debug.xcconfig"; sourceTree = "<group>"; };
		AB997101D3CFE421879951E7 /* Pods.framework */ = {isa = PBXFileReference; explicitFileType = wrapper.framework; includeInIndex = 0; path = Pods.framework; sourceTree = BUILT_PRODUCTS_DIR; };
/* End PBXFileReference section */

/* Begin PBXFrameworksBuildPhase section */
		457E0BE11C933D25000A665A /* Frameworks */ = {
			isa = PBXFrameworksBuildPhase;
			buildActionMask = 2147483647;
			files = (
				45EBEDED1C93F5D2002C6040 /* TwitterKit.framework in Frameworks */,
				45EBEDEA1C93F488002C6040 /* TwitterCore.framework in Frameworks */,
				45EBEDE31C93F2B6002C6040 /* Crashlytics.framework in Frameworks */,
				45EBEDE21C93F2B6002C6040 /* Fabric.framework in Frameworks */,
				45EBEDF11C93F62F002C6040 /* DigitsKit.framework in Frameworks */,
				1D00246C9AB6774F0A763EB8 /* Pods.framework in Frameworks */,
			);
			runOnlyForDeploymentPostprocessing = 0;
		};
/* End PBXFrameworksBuildPhase section */

/* Begin PBXGroup section */
		453B44FE1C98DAE800CE5FFE /* Extension */ = {
			isa = PBXGroup;
			children = (
				453B44FC1C98DADB00CE5FFE /* StringExtension.swift */,
				4540E4011CB50418000AE6A9 /* UIColorExtension.swift */,
				451B85211CAA519D003DD63F /* UIImageExtension.swift */,
				45E9A8191C9BFE7D00C258D5 /* CALayerExtension.swift */,
				45D792C31CB572CE0003B699 /* TWTRUserExtension.swift */,
				453B44FF1C98DF9B00CE5FFE /* ArrayExtension.swift */,
				451C4D8E1C9C9CEB00903A0C /* NSDateExtension.swift */,
				457C3B381C9DAD150020509D /* Rx-TwitterKit.swift */,
			);
			name = Extension;
			sourceTree = "<group>";
		};
		455CCA4F1CB88C7900D805FA /* CustomView */ = {
			isa = PBXGroup;
			children = (
				455CCA4D1CB88C5300D805FA /* UserTweetCell.xib */,
			);
			name = CustomView;
			sourceTree = "<group>";
		};
		457E0BDB1C933D25000A665A = {
			isa = PBXGroup;
			children = (
				457E0BE61C933D25000A665A /* MerryBlue */,
				457E0BE51C933D25000A665A /* Products */,
				45EBEDE41C93F46F002C6040 /* Frameworks */,
				F44374A9BA852C42BA3591FF /* Pods */,
			);
			sourceTree = "<group>";
		};
		457E0BE51C933D25000A665A /* Products */ = {
			isa = PBXGroup;
			children = (
				457E0BE41C933D25000A665A /* MerryBlue.app */,
			);
			name = Products;
			sourceTree = "<group>";
		};
		457E0BE61C933D25000A665A /* MerryBlue */ = {
			isa = PBXGroup;
			children = (
				45BD1C0C1C9590AB002A2159 /* Controller */,
				45C67ABC1CB2C31F00C98329 /* Service */,
				45BD1C221C971FA1002A2159 /* Model */,
				45933CB01C95203500FC46C9 /* View */,
				45EBEDF51C93F6E4002C6040 /* ViewController */,
				453B44FE1C98DAE800CE5FFE /* Extension */,
				457E0BE71C933D25000A665A /* AppDelegate.swift */,
				455CCA4F1CB88C7900D805FA /* CustomView */,
				45ABA1F21C986869006DE856 /* Main.storyboard */,
				45DDD57A1CAA82770015C16D /* Launch Screen.storyboard */,
				45C67ABA1CB279FE00C98329 /* Assets.xcassets */,
				457E0BF51C933D25000A665A /* Info.plist */,
			);
			path = MerryBlue;
			sourceTree = "<group>";
		};
		45933CB01C95203500FC46C9 /* View */ = {
			isa = PBXGroup;
			children = (
				45ABA1F01C981A23006DE856 /* UserStatusCell.swift */,
				45C67AC31CB3C2C700C98329 /* UserTweetCell.swift */,
				4551ADF41C9B33A100A00CE8 /* ListInfoCell.swift */,
				4552AFDF1CB5F09900B762AB /* MBTableViewRowAction.swift */,
			);
			name = View;
			sourceTree = "<group>";
		};
		45BD1C0C1C9590AB002A2159 /* Controller */ = {
			isa = PBXGroup;
			children = (
				45BD1C0A1C9590A2002A2159 /* MainTabBarController.swift */,
				455F3D971CA2F57D001495A9 /* MBNavigationController.swift */,
			);
			name = Controller;
			sourceTree = "<group>";
		};
		45BD1C221C971FA1002A2159 /* Model */ = {
			isa = PBXGroup;
			children = (
				455F3D951CA2EF76001495A9 /* MBColor.swift */,
				456404B71CA69D6400ED2505 /* MenuItemProtocol.swift */,
				45BD1C231C97207B002A2159 /* MBTwitterList.swift */,
				45ABA1EC1C9800B9006DE856 /* TwitterUser.swift */,
				4540E3FF1CB4A956000AE6A9 /* MBTweet.swift */,
			);
			name = Model;
			sourceTree = "<group>";
		};
		45C67ABC1CB2C31F00C98329 /* Service */ = {
			isa = PBXGroup;
			children = (
				451C4D8A1C9C7FAB00903A0C /* ListService.swift */,
				455F3D991CA3C29D001495A9 /* UserService.swift */,
				45C67ABD1CB2C3A700C98329 /* ConfigService.swift */,
				451B85231CAA6173003DD63F /* IdentifilerService.swift */,
				45A68DD81CB16F3A007719E1 /* StoryBoardService.swift */,
				45AC07C51CAA3F5200DACD0F /* AssetService.swift */,
				45BD1C201C96EB35002A2159 /* TwitterManager.swift */,
				45A68DDA1CB1781F007719E1 /* AlertManager.swift */,
				451C4D8C1C9C812900903A0C /* UserDefaultsKey.swift */,
			);
			name = Service;
			sourceTree = "<group>";
		};
		45EBEDE41C93F46F002C6040 /* Frameworks */ = {
			isa = PBXGroup;
			children = (
				45EBEDEF1C93F62F002C6040 /* DigitsKit.framework */,
				45EBEDF01C93F62F002C6040 /* DigitsKitResources.bundle */,
				45EBEDE01C93F2B6002C6040 /* Fabric.framework */,
				45EBEDE71C93F488002C6040 /* TwitterCore.framework */,
				45EBEDEB1C93F5D2002C6040 /* TwitterKit.framework */,
				45EBEDEC1C93F5D2002C6040 /* TwitterKitResources.bundle */,
				45EBEDE11C93F2B6002C6040 /* Crashlytics.framework */,
				AB997101D3CFE421879951E7 /* Pods.framework */,
			);
			name = Frameworks;
			sourceTree = "<group>";
		};
		45EBEDF51C93F6E4002C6040 /* ViewController */ = {
			isa = PBXGroup;
			children = (
				45EBEDF31C93F6CE002C6040 /* SignInViewController.swift */,
				457E0BE91C933D25000A665A /* HomeViewController.swift */,
				45ABA1EE1C9811C1006DE856 /* ListTimelineViewController.swift */,
				453B45011C98E49100CE5FFE /* UserTimelineViewController.swift */,
				4548B64C1CB73EC5001BFB2F /* PhotoViewController.swift */,
				4555C07F1CA4F16200A161F9 /* MBTimelineViewController.swift */,
				45EC9A891CA1A99100ABE06A /* LeftMenuViewController.swift */,
				45C67AC11CB3BA7F00C98329 /* UserViewController.swift */,
			);
			name = ViewController;
			sourceTree = "<group>";
		};
		F44374A9BA852C42BA3591FF /* Pods */ = {
			isa = PBXGroup;
			children = (
				9C18D3FA173A83ADD5394426 /* Pods.debug.xcconfig */,
				111146BA25A5A70FE8C4BFDC /* Pods.release.xcconfig */,
			);
			name = Pods;
			sourceTree = "<group>";
		};
/* End PBXGroup section */

/* Begin PBXNativeTarget section */
		457E0BE31C933D25000A665A /* MerryBlue */ = {
			isa = PBXNativeTarget;
			buildConfigurationList = 457E0BF81C933D25000A665A /* Build configuration list for PBXNativeTarget "MerryBlue" */;
			buildPhases = (
				0D442C2A52C4C7FE9122D441 /* Check Pods Manifest.lock */,
				457E0BE01C933D25000A665A /* Sources */,
				457E0BE11C933D25000A665A /* Frameworks */,
				457E0BE21C933D25000A665A /* Resources */,
				45EBEDDF1C93EE9A002C6040 /* ShellScript */,
				48D3C2CB6B5F320B43581265 /* Embed Pods Frameworks */,
				1570BC5EC4D97A87D2E2799F /* Copy Pods Resources */,
				94313D792E5D72A380D8C762 /* Swift Lint */,
			);
			buildRules = (
			);
			dependencies = (
			);
			name = MerryBlue;
			productName = MerryBlue;
			productReference = 457E0BE41C933D25000A665A /* MerryBlue.app */;
			productType = "com.apple.product-type.application";
		};
/* End PBXNativeTarget section */

/* Begin PBXProject section */
		457E0BDC1C933D25000A665A /* Project object */ = {
			isa = PBXProject;
			attributes = {
				LastSwiftUpdateCheck = 0720;
				LastUpgradeCheck = 0720;
				ORGANIZATIONNAME = "Hiroto Takahashi";
				TargetAttributes = {
					457E0BE31C933D25000A665A = {
						CreatedOnToolsVersion = 7.2.1;
						DevelopmentTeam = P44FH6EFF8;
					};
				};
			};
			buildConfigurationList = 457E0BDF1C933D25000A665A /* Build configuration list for PBXProject "MerryBlue" */;
			compatibilityVersion = "Xcode 3.2";
			developmentRegion = English;
			hasScannedForEncodings = 0;
			knownRegions = (
				en,
				Base,
			);
			mainGroup = 457E0BDB1C933D25000A665A;
			productRefGroup = 457E0BE51C933D25000A665A /* Products */;
			projectDirPath = "";
			projectRoot = "";
			targets = (
				457E0BE31C933D25000A665A /* MerryBlue */,
			);
		};
/* End PBXProject section */

/* Begin PBXResourcesBuildPhase section */
		457E0BE21C933D25000A665A /* Resources */ = {
			isa = PBXResourcesBuildPhase;
			buildActionMask = 2147483647;
			files = (
				4548B64B1CB6C8E6001BFB2F /* DigitsKitResources.bundle in Resources */,
				45B943911CAE69C900C05488 /* TwitterKitResources.bundle in Resources */,
				45DDD57B1CAA82770015C16D /* Launch Screen.storyboard in Resources */,
				45ABA1F31C986869006DE856 /* Main.storyboard in Resources */,
				455CCA4E1CB88C5300D805FA /* UserTweetCell.xib in Resources */,
				45C67ABB1CB279FE00C98329 /* Assets.xcassets in Resources */,
			);
			runOnlyForDeploymentPostprocessing = 0;
		};
/* End PBXResourcesBuildPhase section */

/* Begin PBXShellScriptBuildPhase section */
		0D442C2A52C4C7FE9122D441 /* Check Pods Manifest.lock */ = {
			isa = PBXShellScriptBuildPhase;
			buildActionMask = 2147483647;
			files = (
			);
			inputPaths = (
			);
			name = "Check Pods Manifest.lock";
			outputPaths = (
			);
			runOnlyForDeploymentPostprocessing = 0;
			shellPath = /bin/sh;
			shellScript = "diff \"${PODS_ROOT}/../Podfile.lock\" \"${PODS_ROOT}/Manifest.lock\" > /dev/null\nif [[ $? != 0 ]] ; then\n    cat << EOM\nerror: The sandbox is not in sync with the Podfile.lock. Run 'pod install' or update your CocoaPods installation.\nEOM\n    exit 1\nfi\n";
			showEnvVarsInLog = 0;
		};
		1570BC5EC4D97A87D2E2799F /* Copy Pods Resources */ = {
			isa = PBXShellScriptBuildPhase;
			buildActionMask = 2147483647;
			files = (
			);
			inputPaths = (
			);
			name = "Copy Pods Resources";
			outputPaths = (
			);
			runOnlyForDeploymentPostprocessing = 0;
			shellPath = /bin/sh;
			shellScript = "\"${SRCROOT}/Pods/Target Support Files/Pods/Pods-resources.sh\"\n";
			showEnvVarsInLog = 0;
		};
		45EBEDDF1C93EE9A002C6040 /* ShellScript */ = {
			isa = PBXShellScriptBuildPhase;
			buildActionMask = 2147483647;
			files = (
			);
			inputPaths = (
			);
			outputPaths = (
			);
			runOnlyForDeploymentPostprocessing = 0;
			shellPath = /bin/sh;
			shellScript = "./Fabric.framework/run 383c02e04f42e38d407da4295be284d1e327a6be 5a874b4f1b6ceeeb5c3c01f592214cfeb0c57c6d30b43a1a88350b24124e3100";
		};
		48D3C2CB6B5F320B43581265 /* Embed Pods Frameworks */ = {
			isa = PBXShellScriptBuildPhase;
			buildActionMask = 2147483647;
			files = (
			);
			inputPaths = (
			);
			name = "Embed Pods Frameworks";
			outputPaths = (
			);
			runOnlyForDeploymentPostprocessing = 0;
			shellPath = /bin/sh;
			shellScript = "\"${SRCROOT}/Pods/Target Support Files/Pods/Pods-frameworks.sh\"\n";
			showEnvVarsInLog = 0;
		};
		94313D792E5D72A380D8C762 /* Swift Lint */ = {
			isa = PBXShellScriptBuildPhase;
			buildActionMask = 2147483647;
			files = (
			);
			inputPaths = (
			);
			name = "Swift Lint";
			outputPaths = (
			);
			runOnlyForDeploymentPostprocessing = 0;
			shellPath = /bin/sh;
			shellScript = "if which swiftlint >/dev/null; then\n  swiftlint\nelse\n  echo \"SwiftLint does not exist, download from https://github.com/realm/SwiftLint\"\nfi";
			showEnvVarsInLog = 0;
		};
/* End PBXShellScriptBuildPhase section */

/* Begin PBXSourcesBuildPhase section */
		457E0BE01C933D25000A665A /* Sources */ = {
			isa = PBXSourcesBuildPhase;
			buildActionMask = 2147483647;
			files = (
				45AC07C61CAA3F5200DACD0F /* AssetService.swift in Sources */,
				45BD1C251C974518002A2159 /* MBTwitterList.swift in Sources */,
				45EBEDF41C93F6CE002C6040 /* SignInViewController.swift in Sources */,
				45D792C41CB572CE0003B699 /* TWTRUserExtension.swift in Sources */,
				45ABA1ED1C9800B9006DE856 /* TwitterUser.swift in Sources */,
				45BD1C0B1C9590A2002A2159 /* MainTabBarController.swift in Sources */,
				4551ADF51C9B33A100A00CE8 /* ListInfoCell.swift in Sources */,
				457E0BE81C933D25000A665A /* AppDelegate.swift in Sources */,
				455F3D961CA2EF76001495A9 /* MBColor.swift in Sources */,
				45A68DDB1CB1781F007719E1 /* AlertManager.swift in Sources */,
				4548B64D1CB73EC5001BFB2F /* PhotoViewController.swift in Sources */,
				45C67ABE1CB2C3A700C98329 /* ConfigService.swift in Sources */,
				456404B81CA69D6400ED2505 /* MenuItemProtocol.swift in Sources */,
				451B85221CAA519E003DD63F /* UIImageExtension.swift in Sources */,
				455F3D9A1CA3C29D001495A9 /* UserService.swift in Sources */,
				45ABA1F11C981A23006DE856 /* UserStatusCell.swift in Sources */,
				45E9A81A1C9BFE7D00C258D5 /* CALayerExtension.swift in Sources */,
				45C67AC21CB3BA7F00C98329 /* UserViewController.swift in Sources */,
				451C4D8B1C9C7FAB00903A0C /* ListService.swift in Sources */,
				45ABA1EF1C9811C1006DE856 /* ListTimelineViewController.swift in Sources */,
				455F3D981CA2F57D001495A9 /* MBNavigationController.swift in Sources */,
				45A68DD91CB16F3A007719E1 /* StoryBoardService.swift in Sources */,
				457E0BEA1C933D25000A665A /* HomeViewController.swift in Sources */,
				4540E4001CB4A956000AE6A9 /* MBTweet.swift in Sources */,
				453B45001C98DF9B00CE5FFE /* ArrayExtension.swift in Sources */,
				4540E4021CB50418000AE6A9 /* UIColorExtension.swift in Sources */,
				45C67AC41CB3C2C700C98329 /* UserTweetCell.swift in Sources */,
				4552AFE01CB5F09900B762AB /* MBTableViewRowAction.swift in Sources */,
				453B45021C98E49100CE5FFE /* UserTimelineViewController.swift in Sources */,
				4555C0801CA4F16200A161F9 /* MBTimelineViewController.swift in Sources */,
				451C4D8F1C9C9CEB00903A0C /* NSDateExtension.swift in Sources */,
				453B44FD1C98DADB00CE5FFE /* StringExtension.swift in Sources */,
				45EC9A8A1CA1A99100ABE06A /* LeftMenuViewController.swift in Sources */,
				451B85241CAA6173003DD63F /* IdentifilerService.swift in Sources */,
				457C3B391C9DAD150020509D /* Rx-TwitterKit.swift in Sources */,
				45BD1C211C96EB35002A2159 /* TwitterManager.swift in Sources */,
				451C4D8D1C9C812900903A0C /* UserDefaultsKey.swift in Sources */,
			);
			runOnlyForDeploymentPostprocessing = 0;
		};
/* End PBXSourcesBuildPhase section */

/* Begin XCBuildConfiguration section */
		457E0BF61C933D25000A665A /* Debug */ = {
			isa = XCBuildConfiguration;
			buildSettings = {
				ALWAYS_SEARCH_USER_PATHS = NO;
				CLANG_CXX_LANGUAGE_STANDARD = "gnu++0x";
				CLANG_CXX_LIBRARY = "libc++";
				CLANG_ENABLE_MODULES = YES;
				CLANG_ENABLE_OBJC_ARC = YES;
				CLANG_WARN_BOOL_CONVERSION = YES;
				CLANG_WARN_CONSTANT_CONVERSION = YES;
				CLANG_WARN_DIRECT_OBJC_ISA_USAGE = YES_ERROR;
				CLANG_WARN_EMPTY_BODY = YES;
				CLANG_WARN_ENUM_CONVERSION = YES;
				CLANG_WARN_INT_CONVERSION = YES;
				CLANG_WARN_OBJC_ROOT_CLASS = YES_ERROR;
				CLANG_WARN_UNREACHABLE_CODE = YES;
				CLANG_WARN__DUPLICATE_METHOD_MATCH = YES;
				CODE_SIGN_IDENTITY = "iPhone Developer: Hiroto  Takahashi (4VD2M83K88)";
				"CODE_SIGN_IDENTITY[sdk=iphoneos*]" = "iPhone Developer: Hiroto  Takahashi (4VD2M83K88)";
				COPY_PHASE_STRIP = NO;
				DEBUG_INFORMATION_FORMAT = dwarf;
				ENABLE_BITCODE = NO;
				ENABLE_STRICT_OBJC_MSGSEND = YES;
				ENABLE_TESTABILITY = YES;
				GCC_C_LANGUAGE_STANDARD = gnu99;
				GCC_DYNAMIC_NO_PIC = NO;
				GCC_NO_COMMON_BLOCKS = YES;
				GCC_OPTIMIZATION_LEVEL = 0;
				GCC_PREPROCESSOR_DEFINITIONS = (
					"DEBUG=1",
					"$(inherited)",
				);
				GCC_WARN_64_TO_32_BIT_CONVERSION = YES;
				GCC_WARN_ABOUT_RETURN_TYPE = YES_ERROR;
				GCC_WARN_UNDECLARED_SELECTOR = YES;
				GCC_WARN_UNINITIALIZED_AUTOS = YES_AGGRESSIVE;
				GCC_WARN_UNUSED_FUNCTION = YES;
				GCC_WARN_UNUSED_VARIABLE = YES;
				IPHONEOS_DEPLOYMENT_TARGET = 9.2;
				MTL_ENABLE_DEBUG_INFO = YES;
				ONLY_ACTIVE_ARCH = YES;
				PODS_ROOT = "${SRCROOT}/Pods";
				PRODUCT_BUNDLE_IDENTIFIER = "com.elzup.merry-blue";
				PROVISIONING_PROFILE = "2d6b6cd7-12d9-4cb4-8ae5-0d85cf70051e";
				SDKROOT = iphoneos;
				SWIFT_OPTIMIZATION_LEVEL = "-Onone";
			};
			name = Debug;
		};
		457E0BF71C933D25000A665A /* Release */ = {
			isa = XCBuildConfiguration;
			buildSettings = {
				ALWAYS_SEARCH_USER_PATHS = NO;
				CLANG_CXX_LANGUAGE_STANDARD = "gnu++0x";
				CLANG_CXX_LIBRARY = "libc++";
				CLANG_ENABLE_MODULES = YES;
				CLANG_ENABLE_OBJC_ARC = YES;
				CLANG_WARN_BOOL_CONVERSION = YES;
				CLANG_WARN_CONSTANT_CONVERSION = YES;
				CLANG_WARN_DIRECT_OBJC_ISA_USAGE = YES_ERROR;
				CLANG_WARN_EMPTY_BODY = YES;
				CLANG_WARN_ENUM_CONVERSION = YES;
				CLANG_WARN_INT_CONVERSION = YES;
				CLANG_WARN_OBJC_ROOT_CLASS = YES_ERROR;
				CLANG_WARN_UNREACHABLE_CODE = YES;
				CLANG_WARN__DUPLICATE_METHOD_MATCH = YES;
				CODE_SIGN_IDENTITY = "iPhone Distribution: Hiroto  Takahashi (P44FH6EFF8)";
				"CODE_SIGN_IDENTITY[sdk=iphoneos*]" = "iPhone Distribution: Hiroto  Takahashi (P44FH6EFF8)";
				COPY_PHASE_STRIP = NO;
				DEBUG_INFORMATION_FORMAT = "dwarf-with-dsym";
				ENABLE_BITCODE = NO;
				ENABLE_NS_ASSERTIONS = NO;
				ENABLE_STRICT_OBJC_MSGSEND = YES;
				GCC_C_LANGUAGE_STANDARD = gnu99;
				GCC_NO_COMMON_BLOCKS = YES;
				GCC_WARN_64_TO_32_BIT_CONVERSION = YES;
				GCC_WARN_ABOUT_RETURN_TYPE = YES_ERROR;
				GCC_WARN_UNDECLARED_SELECTOR = YES;
				GCC_WARN_UNINITIALIZED_AUTOS = YES_AGGRESSIVE;
				GCC_WARN_UNUSED_FUNCTION = YES;
				GCC_WARN_UNUSED_VARIABLE = YES;
				IPHONEOS_DEPLOYMENT_TARGET = 9.2;
				MTL_ENABLE_DEBUG_INFO = NO;
				PODS_ROOT = "${SRCROOT}/Pods";
				PRODUCT_BUNDLE_IDENTIFIER = "com.elzup.merry-blue";
				PROVISIONING_PROFILE = "54203ac2-2a42-48c8-8259-f848d40715e6";
				SDKROOT = iphoneos;
				VALIDATE_PRODUCT = YES;
			};
			name = Release;
		};
		457E0BF91C933D25000A665A /* Debug */ = {
			isa = XCBuildConfiguration;
			baseConfigurationReference = 9C18D3FA173A83ADD5394426 /* Pods.debug.xcconfig */;
			buildSettings = {
				ASSETCATALOG_COMPILER_APPICON_NAME = AppIcon;
				CLANG_ENABLE_MODULES = YES;
				CODE_SIGN_IDENTITY = "iPhone Developer: Hiroto  Takahashi (4VD2M83K88)";
				"CODE_SIGN_IDENTITY[sdk=iphoneos*]" = "iPhone Developer: Hiroto  Takahashi (4VD2M83K88)";
				DEBUG_INFORMATION_FORMAT = "dwarf-with-dsym";
				FRAMEWORK_SEARCH_PATHS = (
					"$(inherited)",
					"$(PROJECT_DIR)",
					"$(PROJECT_DIR)/DigitsKit.framework/Versions/A/Resources/DigitsKitResources.bundle",
				);
				HEADER_SEARCH_PATHS = (
					"$(inherited)",
					"\"${PODS_ROOT}/Headers/Public\"",
					"\"${PODS_ROOT}/Headers/Public/FontAwesomeKit\"",
				);
				INFOPLIST_FILE = MerryBlue/Info.plist;
				LD_RUNPATH_SEARCH_PATHS = "$(inherited) @executable_path/Frameworks";
				PRODUCT_BUNDLE_IDENTIFIER = "com.elzup.merry-blue";
				PRODUCT_NAME = "$(TARGET_NAME)";
				PROVISIONING_PROFILE = "2d6b6cd7-12d9-4cb4-8ae5-0d85cf70051e";
				SWIFT_OBJC_BRIDGING_HEADER = "MerryBlue-Bridging-Header.h";
				SWIFT_OPTIMIZATION_LEVEL = "-Onone";
			};
			name = Debug;
		};
		457E0BFA1C933D25000A665A /* Release */ = {
			isa = XCBuildConfiguration;
			baseConfigurationReference = 111146BA25A5A70FE8C4BFDC /* Pods.release.xcconfig */;
			buildSettings = {
				ASSETCATALOG_COMPILER_APPICON_NAME = AppIcon;
				CLANG_ENABLE_MODULES = YES;
				CODE_SIGN_IDENTITY = "iPhone Distribution: Hiroto  Takahashi (P44FH6EFF8)";
				"CODE_SIGN_IDENTITY[sdk=iphoneos*]" = "iPhone Distribution: Hiroto  Takahashi (P44FH6EFF8)";
				FRAMEWORK_SEARCH_PATHS = (
					"$(inherited)",
					"$(PROJECT_DIR)",
					"$(PROJECT_DIR)/DigitsKit.framework/Versions/A/Resources/DigitsKitResources.bundle",
				);
				HEADER_SEARCH_PATHS = (
					"$(inherited)",
					"\"${PODS_ROOT}/Headers/Public\"",
					"\"${PODS_ROOT}/Headers/Public/FontAwesomeKit\"",
				);
				INFOPLIST_FILE = MerryBlue/Info.plist;
				LD_RUNPATH_SEARCH_PATHS = "$(inherited) @executable_path/Frameworks";
				PRODUCT_BUNDLE_IDENTIFIER = "com.elzup.merry-blue";
				PRODUCT_NAME = "$(TARGET_NAME)";
				PROVISIONING_PROFILE = "54203ac2-2a42-48c8-8259-f848d40715e6";
				SWIFT_OBJC_BRIDGING_HEADER = "MerryBlue-Bridging-Header.h";
			};
			name = Release;
		};
		45A68DD61CB12AF6007719E1 /* Release-Deploygate */ = {
			isa = XCBuildConfiguration;
			buildSettings = {
				ALWAYS_SEARCH_USER_PATHS = NO;
				CLANG_CXX_LANGUAGE_STANDARD = "gnu++0x";
				CLANG_CXX_LIBRARY = "libc++";
				CLANG_ENABLE_MODULES = YES;
				CLANG_ENABLE_OBJC_ARC = YES;
				CLANG_WARN_BOOL_CONVERSION = YES;
				CLANG_WARN_CONSTANT_CONVERSION = YES;
				CLANG_WARN_DIRECT_OBJC_ISA_USAGE = YES_ERROR;
				CLANG_WARN_EMPTY_BODY = YES;
				CLANG_WARN_ENUM_CONVERSION = YES;
				CLANG_WARN_INT_CONVERSION = YES;
				CLANG_WARN_OBJC_ROOT_CLASS = YES_ERROR;
				CLANG_WARN_UNREACHABLE_CODE = YES;
				CLANG_WARN__DUPLICATE_METHOD_MATCH = YES;
				CODE_SIGN_IDENTITY = "iPhone Distribution: Hiroto  Takahashi (P44FH6EFF8)";
				"CODE_SIGN_IDENTITY[sdk=iphoneos*]" = "iPhone Distribution: Hiroto  Takahashi (P44FH6EFF8)";
				COPY_PHASE_STRIP = NO;
				DEBUG_INFORMATION_FORMAT = "dwarf-with-dsym";
				ENABLE_BITCODE = NO;
				ENABLE_NS_ASSERTIONS = NO;
				ENABLE_STRICT_OBJC_MSGSEND = YES;
				GCC_C_LANGUAGE_STANDARD = gnu99;
				GCC_NO_COMMON_BLOCKS = YES;
				GCC_WARN_64_TO_32_BIT_CONVERSION = YES;
				GCC_WARN_ABOUT_RETURN_TYPE = YES_ERROR;
				GCC_WARN_UNDECLARED_SELECTOR = YES;
				GCC_WARN_UNINITIALIZED_AUTOS = YES_AGGRESSIVE;
				GCC_WARN_UNUSED_FUNCTION = YES;
				GCC_WARN_UNUSED_VARIABLE = YES;
				IPHONEOS_DEPLOYMENT_TARGET = 9.2;
				MTL_ENABLE_DEBUG_INFO = NO;
				PODS_ROOT = "${SRCROOT}/Pods";
				PRODUCT_BUNDLE_IDENTIFIER = "com.elzup.merry-blue";
				PROVISIONING_PROFILE = "8803de2d-c2ca-43fa-af0b-ee1e2056fdf1";
				SDKROOT = iphoneos;
				VALIDATE_PRODUCT = YES;
			};
			name = "Release-Deploygate";
		};
		45A68DD71CB12AF6007719E1 /* Release-Deploygate */ = {
			isa = XCBuildConfiguration;
			baseConfigurationReference = 111146BA25A5A70FE8C4BFDC /* Pods.release.xcconfig */;
			buildSettings = {
				ASSETCATALOG_COMPILER_APPICON_NAME = AppIcon;
				CLANG_ENABLE_MODULES = YES;
				CODE_SIGN_IDENTITY = "iPhone Distribution: Hiroto  Takahashi (P44FH6EFF8)";
				"CODE_SIGN_IDENTITY[sdk=iphoneos*]" = "iPhone Distribution: Hiroto  Takahashi (P44FH6EFF8)";
				FRAMEWORK_SEARCH_PATHS = (
					"$(inherited)",
					"$(PROJECT_DIR)",
					"$(PROJECT_DIR)/DigitsKit.framework/Versions/A/Resources/DigitsKitResources.bundle",
				);
				HEADER_SEARCH_PATHS = (
					"$(inherited)",
					"\"${PODS_ROOT}/Headers/Public\"",
					"\"${PODS_ROOT}/Headers/Public/FontAwesomeKit\"",
				);
				INFOPLIST_FILE = MerryBlue/Info.plist;
				LD_RUNPATH_SEARCH_PATHS = "$(inherited) @executable_path/Frameworks";
				PRODUCT_BUNDLE_IDENTIFIER = "com.elzup.merry-blue";
				PRODUCT_NAME = "$(TARGET_NAME)";
				PROVISIONING_PROFILE = "8803de2d-c2ca-43fa-af0b-ee1e2056fdf1";
				SWIFT_OBJC_BRIDGING_HEADER = "MerryBlue-Bridging-Header.h";
			};
			name = "Release-Deploygate";
		};
/* End XCBuildConfiguration section */

/* Begin XCConfigurationList section */
		457E0BDF1C933D25000A665A /* Build configuration list for PBXProject "MerryBlue" */ = {
			isa = XCConfigurationList;
			buildConfigurations = (
				457E0BF61C933D25000A665A /* Debug */,
				457E0BF71C933D25000A665A /* Release */,
				45A68DD61CB12AF6007719E1 /* Release-Deploygate */,
			);
			defaultConfigurationIsVisible = 0;
			defaultConfigurationName = Release;
		};
		457E0BF81C933D25000A665A /* Build configuration list for PBXNativeTarget "MerryBlue" */ = {
			isa = XCConfigurationList;
			buildConfigurations = (
				457E0BF91C933D25000A665A /* Debug */,
				457E0BFA1C933D25000A665A /* Release */,
				45A68DD71CB12AF6007719E1 /* Release-Deploygate */,
			);
			defaultConfigurationIsVisible = 0;
			defaultConfigurationName = Release;
		};
/* End XCConfigurationList section */
	};
	rootObject = 457E0BDC1C933D25000A665A /* Project object */;
}
